
Microsoft Visual Studio Solution File, Format Version 11.00
# Visual Studio 2010
Project("{FAE04EC0-301F-11D3-BF4B-00C04F79EFBC}") = "SubjectTrunk", "SubjectTrunk\SubjectTrunk.csproj", "{245F5171-C2CE-4326-8291-6771AE6F57FC}"
EndProject
Global
	GlobalSection(SolutionConfigurationPlatforms) = preSolution
		Debug|x86 = Debug|x86
		Release|x86 = Release|x86
	EndGlobalSection
	GlobalSection(ProjectConfigurationPlatforms) = postSolution
		{245F5171-C2CE-4326-8291-6771AE6F57FC}.Debug|x86.ActiveCfg = Debug|x86
		{245F5171-C2CE-4326-8291-6771AE6F57FC}.Debug|x86.Build.0 = Debug|x86
		{245F5171-C2CE-4326-8291-6771AE6F57FC}.Release|x86.ActiveCfg = Release|x86
		{245F5171-C2CE-4326-8291-6771AE6F57FC}.Release|x86.Build.0 = Release|x86
	EndGlobalSection
	GlobalSection(SolutionProperties) = preSolution
		HideSolutionNode = FALSE
	EndGlobalSection
EndGlobal
